
Microsoft Visual Studio Solution File, Format Version 12.00
Project("{FAE04EC0-301F-11D3-BF4B-00C04F79EFBC}") = "Api", "Api\Api.csproj", "{AFEC2796-D556-4960-AB28-521DBC8D2A43}"
EndProject
Project("{FAE04EC0-301F-11D3-BF4B-00C04F79EFBC}") = "Data", "Data\Data.csproj", "{55FDD7F1-ADEF-4BBE-9710-47D5088A1A86}"
EndProject
Project("{FAE04EC0-301F-11D3-BF4B-00C04F79EFBC}") = "Engine", "Engine\Engine.csproj", "{D6DF0FF2-2E59-4F96-BD74-9D25A964372A}"
EndProject
Global
	GlobalSection(SolutionConfigurationPlatforms) = preSolution
		Debug|Any CPU = Debug|Any CPU
		Release|Any CPU = Release|Any CPU
	EndGlobalSection
	GlobalSection(ProjectConfigurationPlatforms) = postSolution
		{AFEC2796-D556-4960-AB28-521DBC8D2A43}.Debug|Any CPU.ActiveCfg = Debug|Any CPU
		{AFEC2796-D556-4960-AB28-521DBC8D2A43}.Debug|Any CPU.Build.0 = Debug|Any CPU
		{AFEC2796-D556-4960-AB28-521DBC8D2A43}.Release|Any CPU.ActiveCfg = Release|Any CPU
		{AFEC2796-D556-4960-AB28-521DBC8D2A43}.Release|Any CPU.Build.0 = Release|Any CPU
		{55FDD7F1-ADEF-4BBE-9710-47D5088A1A86}.Debug|Any CPU.ActiveCfg = Debug|Any CPU
		{55FDD7F1-ADEF-4BBE-9710-47D5088A1A86}.Debug|Any CPU.Build.0 = Debug|Any CPU
		{55FDD7F1-ADEF-4BBE-9710-47D5088A1A86}.Release|Any CPU.ActiveCfg = Release|Any CPU
		{55FDD7F1-ADEF-4BBE-9710-47D5088A1A86}.Release|Any CPU.Build.0 = Release|Any CPU
		{D6DF0FF2-2E59-4F96-BD74-9D25A964372A}.Debug|Any CPU.ActiveCfg = Debug|Any CPU
		{D6DF0FF2-2E59-4F96-BD74-9D25A964372A}.Debug|Any CPU.Build.0 = Debug|Any CPU
		{D6DF0FF2-2E59-4F96-BD74-9D25A964372A}.Release|Any CPU.ActiveCfg = Release|Any CPU
		{D6DF0FF2-2E59-4F96-BD74-9D25A964372A}.Release|Any CPU.Build.0 = Release|Any CPU
	EndGlobalSection
EndGlobal
